// !$*UTF8*$!
{
	archiveVersion = 1;
	classes = {
	};
	objectVersion = 56;
	objects = {

/* Begin PBXBuildFile section */
		13C0968F29CB5CE80077198D /* DiceSwiftUIApp.swift in Sources */ = {isa = PBXBuildFile; fileRef = 13C0968E29CB5CE80077198D /* DiceSwiftUIApp.swift */; };
		13C0969129CB5CE80077198D /* ContentView.swift in Sources */ = {isa = PBXBuildFile; fileRef = 13C0969029CB5CE80077198D /* ContentView.swift */; };
		13C0969329CB5CEE0077198D /* Assets.xcassets in Resources */ = {isa = PBXBuildFile; fileRef = 13C0969229CB5CEE0077198D /* Assets.xcassets */; };
		13C0969629CB5CEE0077198D /* Preview Assets.xcassets in Resources */ = {isa = PBXBuildFile; fileRef = 13C0969529CB5CEE0077198D /* Preview Assets.xcassets */; };
		13C096A029CB5CEF0077198D /* DiceSwiftUITests.swift in Sources */ = {isa = PBXBuildFile; fileRef = 13C0969F29CB5CEF0077198D /* DiceSwiftUITests.swift */; };
		13C096AA29CB5CEF0077198D /* DiceSwiftUIUITests.swift in Sources */ = {isa = PBXBuildFile; fileRef = 13C096A929CB5CEF0077198D /* DiceSwiftUIUITests.swift */; };
		13C096AC29CB5CEF0077198D /* DiceSwiftUIUITestsLaunchTests.swift in Sources */ = {isa = PBXBuildFile; fileRef = 13C096AB29CB5CEF0077198D /* DiceSwiftUIUITestsLaunchTests.swift */; };
/* End PBXBuildFile section */

/* Begin PBXContainerItemProxy section */
		13C0969C29CB5CEF0077198D /* PBXContainerItemProxy */ = {
			isa = PBXContainerItemProxy;
			containerPortal = 13C0968329CB5CE80077198D /* Project object */;
			proxyType = 1;
			remoteGlobalIDString = 13C0968A29CB5CE80077198D;
			remoteInfo = DiceSwiftUI;
		};
		13C096A629CB5CEF0077198D /* PBXContainerItemProxy */ = {
			isa = PBXContainerItemProxy;
			containerPortal = 13C0968329CB5CE80077198D /* Project object */;
			proxyType = 1;
			remoteGlobalIDString = 13C0968A29CB5CE80077198D;
			remoteInfo = DiceSwiftUI;
		};
/* End PBXContainerItemProxy section */

/* Begin PBXFileReference section */
		13C0968B29CB5CE80077198D /* DiceSwiftUI.app */ = {isa = PBXFileReference; explicitFileType = wrapper.application; includeInIndex = 0; path = DiceSwiftUI.app; sourceTree = BUILT_PRODUCTS_DIR; };
		13C0968E29CB5CE80077198D /* DiceSwiftUIApp.swift */ = {isa = PBXFileReference; lastKnownFileType = sourcecode.swift; path = DiceSwiftUIApp.swift; sourceTree = "<group>"; };
		13C0969029CB5CE80077198D /* ContentView.swift */ = {isa = PBXFileReference; lastKnownFileType = sourcecode.swift; path = ContentView.swift; sourceTree = "<group>"; };
		13C0969229CB5CEE0077198D /* Assets.xcassets */ = {isa = PBXFileReference; lastKnownFileType = folder.assetcatalog; path = Assets.xcassets; sourceTree = "<group>"; };
		13C0969529CB5CEE0077198D /* Preview Assets.xcassets */ = {isa = PBXFileReference; lastKnownFileType = folder.assetcatalog; path = "Preview Assets.xcassets"; sourceTree = "<group>"; };
		13C0969B29CB5CEF0077198D /* DiceSwiftUITests.xctest */ = {isa = PBXFileReference; explicitFileType = wrapper.cfbundle; includeInIndex = 0; path = DiceSwiftUITests.xctest; sourceTree = BUILT_PRODUCTS_DIR; };
		13C0969F29CB5CEF0077198D /* DiceSwiftUITests.swift */ = {isa = PBXFileReference; lastKnownFileType = sourcecode.swift; path = DiceSwiftUITests.swift; sourceTree = "<group>"; };
		13C096A529CB5CEF0077198D /* DiceSwiftUIUITests.xctest */ = {isa = PBXFileReference; explicitFileType = wrapper.cfbundle; includeInIndex = 0; path = DiceSwiftUIUITests.xctest; sourceTree = BUILT_PRODUCTS_DIR; };
		13C096A929CB5CEF0077198D /* DiceSwiftUIUITests.swift */ = {isa = PBXFileReference; lastKnownFileType = sourcecode.swift; path = DiceSwiftUIUITests.swift; sourceTree = "<group>"; };
		13C096AB29CB5CEF0077198D /* DiceSwiftUIUITestsLaunchTests.swift */ = {isa = PBXFileReference; lastKnownFileType = sourcecode.swift; path = DiceSwiftUIUITestsLaunchTests.swift; sourceTree = "<group>"; };
/* End PBXFileReference section */

/* Begin PBXFrameworksBuildPhase section */
		13C0968829CB5CE80077198D /* Frameworks */ = {
			isa = PBXFrameworksBuildPhase;
			buildActionMask = 2147483647;
			files = (
			);
			runOnlyForDeploymentPostprocessing = 0;
		};
		13C0969829CB5CEF0077198D /* Frameworks */ = {
			isa = PBXFrameworksBuildPhase;
			buildActionMask = 2147483647;
			files = (
			);
			runOnlyForDeploymentPostprocessing = 0;
		};
		13C096A229CB5CEF0077198D /* Frameworks */ = {
			isa = PBXFrameworksBuildPhase;
			buildActionMask = 2147483647;
			files = (
			);
			runOnlyForDeploymentPostprocessing = 0;
		};
/* End PBXFrameworksBuildPhase section */

/* Begin PBXGroup section */
		13C0968229CB5CE80077198D = {
			isa = PBXGroup;
			children = (
				13C0968D29CB5CE80077198D /* DiceSwiftUI */,
				13C0969E29CB5CEF0077198D /* DiceSwiftUITests */,
				13C096A829CB5CEF0077198D /* DiceSwiftUIUITests */,
				13C0968C29CB5CE80077198D /* Products */,
			);
			sourceTree = "<group>";
		};
		13C0968C29CB5CE80077198D /* Products */ = {
			isa = PBXGroup;
			children = (
				13C0968B29CB5CE80077198D /* DiceSwiftUI.app */,
				13C0969B29CB5CEF0077198D /* DiceSwiftUITests.xctest */,
				13C096A529CB5CEF0077198D /* DiceSwiftUIUITests.xctest */,
			);
			name = Products;
			sourceTree = "<group>";
		};
		13C0968D29CB5CE80077198D /* DiceSwiftUI */ = {
			isa = PBXGroup;
			children = (
				13C0968E29CB5CE80077198D /* DiceSwiftUIApp.swift */,
				13C0969029CB5CE80077198D /* ContentView.swift */,
				13C0969229CB5CEE0077198D /* Assets.xcassets */,
				13C0969429CB5CEE0077198D /* Preview Content */,
			);
			path = DiceSwiftUI;
			sourceTree = "<group>";
		};
		13C0969429CB5CEE0077198D /* Preview Content */ = {
			isa = PBXGroup;
			children = (
				13C0969529CB5CEE0077198D /* Preview Assets.xcassets */,
			);
			path = "Preview Content";
			sourceTree = "<group>";
		};
		13C0969E29CB5CEF0077198D /* DiceSwiftUITests */ = {
			isa = PBXGroup;
			children = (
				13C0969F29CB5CEF0077198D /* DiceSwiftUITests.swift */,
			);
			path = DiceSwiftUITests;
			sourceTree = "<group>";
		};
		13C096A829CB5CEF0077198D /* DiceSwiftUIUITests */ = {
			isa = PBXGroup;
			children = (
				13C096A929CB5CEF0077198D /* DiceSwiftUIUITests.swift */,
				13C096AB29CB5CEF0077198D /* DiceSwiftUIUITestsLaunchTests.swift */,
			);
			path = DiceSwiftUIUITests;
			sourceTree = "<group>";
		};
/* End PBXGroup section */

/* Begin PBXNativeTarget section */
		13C0968A29CB5CE80077198D /* DiceSwiftUI */ = {
			isa = PBXNativeTarget;
			buildConfigurationList = 13C096AF29CB5CEF0077198D /* Build configuration list for PBXNativeTarget "DiceSwiftUI" */;
			buildPhases = (
				13C0968729CB5CE80077198D /* Sources */,
				13C0968829CB5CE80077198D /* Frameworks */,
				13C0968929CB5CE80077198D /* Resources */,
			);
			buildRules = (
			);
			dependencies = (
			);
			name = DiceSwiftUI;
			productName = DiceSwiftUI;
			productReference = 13C0968B29CB5CE80077198D /* DiceSwiftUI.app */;
			productType = "com.apple.product-type.application";
		};
		13C0969A29CB5CEF0077198D /* DiceSwiftUITests */ = {
			isa = PBXNativeTarget;
			buildConfigurationList = 13C096B229CB5CEF0077198D /* Build configuration list for PBXNativeTarget "DiceSwiftUITests" */;
			buildPhases = (
				13C0969729CB5CEF0077198D /* Sources */,
				13C0969829CB5CEF0077198D /* Frameworks */,
				13C0969929CB5CEF0077198D /* Resources */,
			);
			buildRules = (
			);
			dependencies = (
				13C0969D29CB5CEF0077198D /* PBXTargetDependency */,
			);
			name = DiceSwiftUITests;
			productName = DiceSwiftUITests;
			productReference = 13C0969B29CB5CEF0077198D /* DiceSwiftUITests.xctest */;
			productType = "com.apple.product-type.bundle.unit-test";
		};
		13C096A429CB5CEF0077198D /* DiceSwiftUIUITests */ = {
			isa = PBXNativeTarget;
			buildConfigurationList = 13C096B529CB5CEF0077198D /* Build configuration list for PBXNativeTarget "DiceSwiftUIUITests" */;
			buildPhases = (
				13C096A129CB5CEF0077198D /* Sources */,
				13C096A229CB5CEF0077198D /* Frameworks */,
				13C096A329CB5CEF0077198D /* Resources */,
			);
			buildRules = (
			);
			dependencies = (
				13C096A729CB5CEF0077198D /* PBXTargetDependency */,
			);
			name = DiceSwiftUIUITests;
			productName = DiceSwiftUIUITests;
			productReference = 13C096A529CB5CEF0077198D /* DiceSwiftUIUITests.xctest */;
			productType = "com.apple.product-type.bundle.ui-testing";
		};
/* End PBXNativeTarget section */

/* Begin PBXProject section */
		13C0968329CB5CE80077198D /* Project object */ = {
			isa = PBXProject;
			attributes = {
				BuildIndependentTargetsInParallel = 1;
				LastSwiftUpdateCheck = 1420;
				LastUpgradeCheck = 1420;
				TargetAttributes = {
					13C0968A29CB5CE80077198D = {
						CreatedOnToolsVersion = 14.2;
					};
					13C0969A29CB5CEF0077198D = {
						CreatedOnToolsVersion = 14.2;
						TestTargetID = 13C0968A29CB5CE80077198D;
					};
					13C096A429CB5CEF0077198D = {
						CreatedOnToolsVersion = 14.2;
						TestTargetID = 13C0968A29CB5CE80077198D;
					};
				};
			};
			buildConfigurationList = 13C0968629CB5CE80077198D /* Build configuration list for PBXProject "DiceSwiftUI" */;
			compatibilityVersion = "Xcode 14.0";
			developmentRegion = en;
			hasScannedForEncodings = 0;
			knownRegions = (
				en,
				Base,
			);
			mainGroup = 13C0968229CB5CE80077198D;
			productRefGroup = 13C0968C29CB5CE80077198D /* Products */;
			projectDirPath = "";
			projectRoot = "";
			targets = (
				13C0968A29CB5CE80077198D /* DiceSwiftUI */,
				13C0969A29CB5CEF0077198D /* DiceSwiftUITests */,
				13C096A429CB5CEF0077198D /* DiceSwiftUIUITests */,
			);
		};
/* End PBXProject section */

/* Begin PBXResourcesBuildPhase section */
		13C0968929CB5CE80077198D /* Resources */ = {
			isa = PBXResourcesBuildPhase;
			buildActionMask = 2147483647;
			files = (
				13C0969629CB5CEE0077198D /* Preview Assets.xcassets in Resources */,
				13C0969329CB5CEE0077198D /* Assets.xcassets in Resources */,
			);
			runOnlyForDeploymentPostprocessing = 0;
		};
		13C0969929CB5CEF0077198D /* Resources */ = {
			isa = PBXResourcesBuildPhase;
			buildActionMask = 2147483647;
			files = (
			);
			runOnlyForDeploymentPostprocessing = 0;
		};
		13C096A329CB5CEF0077198D /* Resources */ = {
			isa = PBXResourcesBuildPhase;
			buildActionMask = 2147483647;
			files = (
			);
			runOnlyForDeploymentPostprocessing = 0;
		};
/* End PBXResourcesBuildPhase section */

/* Begin PBXSourcesBuildPhase section */
		13C0968729CB5CE80077198D /* Sources */ = {
			isa = PBXSourcesBuildPhase;
			buildActionMask = 2147483647;
			files = (
				13C0969129CB5CE80077198D /* ContentView.swift in Sources */,
				13C0968F29CB5CE80077198D /* DiceSwiftUIApp.swift in Sources */,
			);
			runOnlyForDeploymentPostprocessing = 0;
		};
		13C0969729CB5CEF0077198D /* Sources */ = {
			isa = PBXSourcesBuildPhase;
			buildActionMask = 2147483647;
			files = (
				13C096A029CB5CEF0077198D /* DiceSwiftUITests.swift in Sources */,
			);
			runOnlyForDeploymentPostprocessing = 0;
		};
		13C096A129CB5CEF0077198D /* Sources */ = {
			isa = PBXSourcesBuildPhase;
			buildActionMask = 2147483647;
			files = (
				13C096AA29CB5CEF0077198D /* DiceSwiftUIUITests.swift in Sources */,
				13C096AC29CB5CEF0077198D /* DiceSwiftUIUITestsLaunchTests.swift in Sources */,
			);
			runOnlyForDeploymentPostprocessing = 0;
		};
/* End PBXSourcesBuildPhase section */

/* Begin PBXTargetDependency section */
		13C0969D29CB5CEF0077198D /* PBXTargetDependency */ = {
			isa = PBXTargetDependency;
			target = 13C0968A29CB5CE80077198D /* DiceSwiftUI */;
			targetProxy = 13C0969C29CB5CEF0077198D /* PBXContainerItemProxy */;
		};
		13C096A729CB5CEF0077198D /* PBXTargetDependency */ = {
			isa = PBXTargetDependency;
			target = 13C0968A29CB5CE80077198D /* DiceSwiftUI */;
			targetProxy = 13C096A629CB5CEF0077198D /* PBXContainerItemProxy */;
		};
/* End PBXTargetDependency section */

/* Begin XCBuildConfiguration section */
		13C096AD29CB5CEF0077198D /* Debug */ = {
			isa = XCBuildConfiguration;
			buildSettings = {
				ALWAYS_SEARCH_USER_PATHS = NO;
				CLANG_ANALYZER_NONNULL = YES;
				CLANG_ANALYZER_NUMBER_OBJECT_CONVERSION = YES_AGGRESSIVE;
				CLANG_CXX_LANGUAGE_STANDARD = "gnu++20";
				CLANG_ENABLE_MODULES = YES;
				CLANG_ENABLE_OBJC_ARC = YES;
				CLANG_ENABLE_OBJC_WEAK = YES;
				CLANG_WARN_BLOCK_CAPTURE_AUTORELEASING = YES;
				CLANG_WARN_BOOL_CONVERSION = YES;
				CLANG_WARN_COMMA = YES;
				CLANG_WARN_CONSTANT_CONVERSION = YES;
				CLANG_WARN_DEPRECATED_OBJC_IMPLEMENTATIONS = YES;
				CLANG_WARN_DIRECT_OBJC_ISA_USAGE = YES_ERROR;
				CLANG_WARN_DOCUMENTATION_COMMENTS = YES;
				CLANG_WARN_EMPTY_BODY = YES;
				CLANG_WARN_ENUM_CONVERSION = YES;
				CLANG_WARN_INFINITE_RECURSION = YES;
				CLANG_WARN_INT_CONVERSION = YES;
				CLANG_WARN_NON_LITERAL_NULL_CONVERSION = YES;
				CLANG_WARN_OBJC_IMPLICIT_RETAIN_SELF = YES;
				CLANG_WARN_OBJC_LITERAL_CONVERSION = YES;
				CLANG_WARN_OBJC_ROOT_CLASS = YES_ERROR;
				CLANG_WARN_QUOTED_INCLUDE_IN_FRAMEWORK_HEADER = YES;
				CLANG_WARN_RANGE_LOOP_ANALYSIS = YES;
				CLANG_WARN_STRICT_PROTOTYPES = YES;
				CLANG_WARN_SUSPICIOUS_MOVE = YES;
				CLANG_WARN_UNGUARDED_AVAILABILITY = YES_AGGRESSIVE;
				CLANG_WARN_UNREACHABLE_CODE = YES;
				CLANG_WARN__DUPLICATE_METHOD_MATCH = YES;
				COPY_PHASE_STRIP = NO;
				DEBUG_INFORMATION_FORMAT = dwarf;
				ENABLE_STRICT_OBJC_MSGSEND = YES;
				ENABLE_TESTABILITY = YES;
				GCC_C_LANGUAGE_STANDARD = gnu11;
				GCC_DYNAMIC_NO_PIC = NO;
				GCC_NO_COMMON_BLOCKS = YES;
				GCC_OPTIMIZATION_LEVEL = 0;
				GCC_PREPROCESSOR_DEFINITIONS = (
					"DEBUG=1",
					"$(inherited)",
				);
				GCC_WARN_64_TO_32_BIT_CONVERSION = YES;
				GCC_WARN_ABOUT_RETURN_TYPE = YES_ERROR;
				GCC_WARN_UNDECLARED_SELECTOR = YES;
				GCC_WARN_UNINITIALIZED_AUTOS = YES_AGGRESSIVE;
				GCC_WARN_UNUSED_FUNCTION = YES;
				GCC_WARN_UNUSED_VARIABLE = YES;
				IPHONEOS_DEPLOYMENT_TARGET = 16.2;
				MTL_ENABLE_DEBUG_INFO = INCLUDE_SOURCE;
				MTL_FAST_MATH = YES;
				ONLY_ACTIVE_ARCH = YES;
				SDKROOT = iphoneos;
				SWIFT_ACTIVE_COMPILATION_CONDITIONS = DEBUG;
				SWIFT_OPTIMIZATION_LEVEL = "-Onone";
			};
			name = Debug;
		};
		13C096AE29CB5CEF0077198D /* Release */ = {
			isa = XCBuildConfiguration;
			buildSettings = {
				ALWAYS_SEARCH_USER_PATHS = NO;
				CLANG_ANALYZER_NONNULL = YES;
				CLANG_ANALYZER_NUMBER_OBJECT_CONVERSION = YES_AGGRESSIVE;
				CLANG_CXX_LANGUAGE_STANDARD = "gnu++20";
				CLANG_ENABLE_MODULES = YES;
				CLANG_ENABLE_OBJC_ARC = YES;
				CLANG_ENABLE_OBJC_WEAK = YES;
				CLANG_WARN_BLOCK_CAPTURE_AUTORELEASING = YES;
				CLANG_WARN_BOOL_CONVERSION = YES;
				CLANG_WARN_COMMA = YES;
				CLANG_WARN_CONSTANT_CONVERSION = YES;
				CLANG_WARN_DEPRECATED_OBJC_IMPLEMENTATIONS = YES;
				CLANG_WARN_DIRECT_OBJC_ISA_USAGE = YES_ERROR;
				CLANG_WARN_DOCUMENTATION_COMMENTS = YES;
				CLANG_WARN_EMPTY_BODY = YES;
				CLANG_WARN_ENUM_CONVERSION = YES;
				CLANG_WARN_INFINITE_RECURSION = YES;
				CLANG_WARN_INT_CONVERSION = YES;
				CLANG_WARN_NON_LITERAL_NULL_CONVERSION = YES;
				CLANG_WARN_OBJC_IMPLICIT_RETAIN_SELF = YES;
				CLANG_WARN_OBJC_LITERAL_CONVERSION = YES;
				CLANG_WARN_OBJC_ROOT_CLASS = YES_ERROR;
				CLANG_WARN_QUOTED_INCLUDE_IN_FRAMEWORK_HEADER = YES;
				CLANG_WARN_RANGE_LOOP_ANALYSIS = YES;
				CLANG_WARN_STRICT_PROTOTYPES = YES;
				CLANG_WARN_SUSPICIOUS_MOVE = YES;
				CLANG_WARN_UNGUARDED_AVAILABILITY = YES_AGGRESSIVE;
				CLANG_WARN_UNREACHABLE_CODE = YES;
				CLANG_WARN__DUPLICATE_METHOD_MATCH = YES;
				COPY_PHASE_STRIP = NO;
				DEBUG_INFORMATION_FORMAT = "dwarf-with-dsym";
				ENABLE_NS_ASSERTIONS = NO;
				ENABLE_STRICT_OBJC_MSGSEND = YES;
				GCC_C_LANGUAGE_STANDARD = gnu11;
				GCC_NO_COMMON_BLOCKS = YES;
				GCC_WARN_64_TO_32_BIT_CONVERSION = YES;
				GCC_WARN_ABOUT_RETURN_TYPE = YES_ERROR;
				GCC_WARN_UNDECLARED_SELECTOR = YES;
				GCC_WARN_UNINITIALIZED_AUTOS = YES_AGGRESSIVE;
				GCC_WARN_UNUSED_FUNCTION = YES;
				GCC_WARN_UNUSED_VARIABLE = YES;
				IPHONEOS_DEPLOYMENT_TARGET = 16.2;
				MTL_ENABLE_DEBUG_INFO = NO;
				MTL_FAST_MATH = YES;
				SDKROOT = iphoneos;
				SWIFT_COMPILATION_MODE = wholemodule;
				SWIFT_OPTIMIZATION_LEVEL = "-O";
				VALIDATE_PRODUCT = YES;
			};
			name = Release;
		};
		13C096B029CB5CEF0077198D /* Debug */ = {
			isa = XCBuildConfiguration;
			buildSettings = {
				ASSETCATALOG_COMPILER_APPICON_NAME = AppIcon;
				ASSETCATALOG_COMPILER_GLOBAL_ACCENT_COLOR_NAME = AccentColor;
				CODE_SIGN_STYLE = Automatic;
				CURRENT_PROJECT_VERSION = 1;
				DEVELOPMENT_ASSET_PATHS = "\"DiceSwiftUI/Preview Content\"";
				ENABLE_PREVIEWS = YES;
				GENERATE_INFOPLIST_FILE = YES;
				INFOPLIST_KEY_UIApplicationSceneManifest_Generation = YES;
				INFOPLIST_KEY_UIApplicationSupportsIndirectInputEvents = YES;
				INFOPLIST_KEY_UILaunchScreen_Generation = YES;
				INFOPLIST_KEY_UISupportedInterfaceOrientations_iPad = "UIInterfaceOrientationPortrait UIInterfaceOrientationPortraitUpsideDown UIInterfaceOrientationLandscapeLeft UIInterfaceOrientationLandscapeRight";
				INFOPLIST_KEY_UISupportedInterfaceOrientations_iPhone = "UIInterfaceOrientationPortrait UIInterfaceOrientationLandscapeLeft UIInterfaceOrientationLandscapeRight";
				LD_RUNPATH_SEARCH_PATHS = (
					"$(inherited)",
					"@executable_path/Frameworks",
				);
				MARKETING_VERSION = 1.0;
				PRODUCT_BUNDLE_IDENTIFIER = LachkarZakaria.DiceSwiftUI;
				PRODUCT_NAME = "$(TARGET_NAME)";
				SWIFT_EMIT_LOC_STRINGS = YES;
				SWIFT_VERSION = 5.0;
				TARGETED_DEVICE_FAMILY = "1,2";
			};
			name = Debug;
		};
		13C096B129CB5CEF0077198D /* Release */ = {
			isa = XCBuildConfiguration;
			buildSettings = {
				ASSETCATALOG_COMPILER_APPICON_NAME = AppIcon;
				ASSETCATALOG_COMPILER_GLOBAL_ACCENT_COLOR_NAME = AccentColor;
				CODE_SIGN_STYLE = Automatic;
				CURRENT_PROJECT_VERSION = 1;
				DEVELOPMENT_ASSET_PATHS = "\"DiceSwiftUI/Preview Content\"";
				ENABLE_PREVIEWS = YES;
				GENERATE_INFOPLIST_FILE = YES;
				INFOPLIST_KEY_UIApplicationSceneManifest_Generation = YES;
				INFOPLIST_KEY_UIApplicationSupportsIndirectInputEvents = YES;
				INFOPLIST_KEY_UILaunchScreen_Generation = YES;
				INFOPLIST_KEY_UISupportedInterfaceOrientations_iPad = "UIInterfaceOrientationPortrait UIInterfaceOrientationPortraitUpsideDown UIInterfaceOrientationLandscapeLeft UIInterfaceOrientationLandscapeRight";
				INFOPLIST_KEY_UISupportedInterfaceOrientations_iPhone = "UIInterfaceOrientationPortrait UIInterfaceOrientationLandscapeLeft UIInterfaceOrientationLandscapeRight";
				LD_RUNPATH_SEARCH_PATHS = (
					"$(inherited)",
					"@executable_path/Frameworks",
				);
				MARKETING_VERSION = 1.0;
				PRODUCT_BUNDLE_IDENTIFIER = LachkarZakaria.DiceSwiftUI;
				PRODUCT_NAME = "$(TARGET_NAME)";
				SWIFT_EMIT_LOC_STRINGS = YES;
				SWIFT_VERSION = 5.0;
				TARGETED_DEVICE_FAMILY = "1,2";
			};
			name = Release;
		};
		13C096B329CB5CEF0077198D /* Debug */ = {
			isa = XCBuildConfiguration;
			buildSettings = {
				ALWAYS_EMBED_SWIFT_STANDARD_LIBRARIES = YES;
				BUNDLE_LOADER = "$(TEST_HOST)";
				CODE_SIGN_STYLE = Automatic;
				CURRENT_PROJECT_VERSION = 1;
				GENERATE_INFOPLIST_FILE = YES;
				IPHONEOS_DEPLOYMENT_TARGET = 16.2;
				MARKETING_VERSION = 1.0;
				PRODUCT_BUNDLE_IDENTIFIER = LachkarZakaria.DiceSwiftUITests;
				PRODUCT_NAME = "$(TARGET_NAME)";
				SWIFT_EMIT_LOC_STRINGS = NO;
				SWIFT_VERSION = 5.0;
				TARGETED_DEVICE_FAMILY = "1,2";
				TEST_HOST = "$(BUILT_PRODUCTS_DIR)/DiceSwiftUI.app/$(BUNDLE_EXECUTABLE_FOLDER_PATH)/DiceSwiftUI";
			};
			name = Debug;
		};
		13C096B429CB5CEF0077198D /* Release */ = {
			isa = XCBuildConfiguration;
			buildSettings = {
				ALWAYS_EMBED_SWIFT_STANDARD_LIBRARIES = YES;
				BUNDLE_LOADER = "$(TEST_HOST)";
				CODE_SIGN_STYLE = Automatic;
				CURRENT_PROJECT_VERSION = 1;
				GENERATE_INFOPLIST_FILE = YES;
				IPHONEOS_DEPLOYMENT_TARGET = 16.2;
				MARKETING_VERSION = 1.0;
				PRODUCT_BUNDLE_IDENTIFIER = LachkarZakaria.DiceSwiftUITests;
				PRODUCT_NAME = "$(TARGET_NAME)";
				SWIFT_EMIT_LOC_STRINGS = NO;
				SWIFT_VERSION = 5.0;
				TARGETED_DEVICE_FAMILY = "1,2";
				TEST_HOST = "$(BUILT_PRODUCTS_DIR)/DiceSwiftUI.app/$(BUNDLE_EXECUTABLE_FOLDER_PATH)/DiceSwiftUI";
			};
			name = Release;
		};
		13C096B629CB5CEF0077198D /* Debug */ = {
			isa = XCBuildConfiguration;
			buildSettings = {
				ALWAYS_EMBED_SWIFT_STANDARD_LIBRARIES = YES;
				CODE_SIGN_STYLE = Automatic;
				CURRENT_PROJECT_VERSION = 1;
				GENERATE_INFOPLIST_FILE = YES;
				MARKETING_VERSION = 1.0;
				PRODUCT_BUNDLE_IDENTIFIER = LachkarZakaria.DiceSwiftUIUITests;
				PRODUCT_NAME = "$(TARGET_NAME)";
				SWIFT_EMIT_LOC_STRINGS = NO;
				SWIFT_VERSION = 5.0;
				TARGETED_DEVICE_FAMILY = "1,2";
				TEST_TARGET_NAME = DiceSwiftUI;
			};
			name = Debug;
		};
		13C096B729CB5CEF0077198D /* Release */ = {
			isa = XCBuildConfiguration;
			buildSettings = {
				ALWAYS_EMBED_SWIFT_STANDARD_LIBRARIES = YES;
				CODE_SIGN_STYLE = Automatic;
				CURRENT_PROJECT_VERSION = 1;
				GENERATE_INFOPLIST_FILE = YES;
				MARKETING_VERSION = 1.0;
				PRODUCT_BUNDLE_IDENTIFIER = LachkarZakaria.DiceSwiftUIUITests;
				PRODUCT_NAME = "$(TARGET_NAME)";
				SWIFT_EMIT_LOC_STRINGS = NO;
				SWIFT_VERSION = 5.0;
				TARGETED_DEVICE_FAMILY = "1,2";
				TEST_TARGET_NAME = DiceSwiftUI;
			};
			name = Release;
		};
/* End XCBuildConfiguration section */

/* Begin XCConfigurationList section */
		13C0968629CB5CE80077198D /* Build configuration list for PBXProject "DiceSwiftUI" */ = {
			isa = XCConfigurationList;
			buildConfigurations = (
				13C096AD29CB5CEF0077198D /* Debug */,
				13C096AE29CB5CEF0077198D /* Release */,
			);
			defaultConfigurationIsVisible = 0;
			defaultConfigurationName = Release;
		};
		13C096AF29CB5CEF0077198D /* Build configuration list for PBXNativeTarget "DiceSwiftUI" */ = {
			isa = XCConfigurationList;
			buildConfigurations = (
				13C096B029CB5CEF0077198D /* Debug */,
				13C096B129CB5CEF0077198D /* Release */,
			);
			defaultConfigurationIsVisible = 0;
			defaultConfigurationName = Release;
		};
		13C096B229CB5CEF0077198D /* Build configuration list for PBXNativeTarget "DiceSwiftUITests" */ = {
			isa = XCConfigurationList;
			buildConfigurations = (
				13C096B329CB5CEF0077198D /* Debug */,
				13C096B429CB5CEF0077198D /* Release */,
			);
			defaultConfigurationIsVisible = 0;
			defaultConfigurationName = Release;
		};
		13C096B529CB5CEF0077198D /* Build configuration list for PBXNativeTarget "DiceSwiftUIUITests" */ = {
			isa = XCConfigurationList;
			buildConfigurations = (
				13C096B629CB5CEF0077198D /* Debug */,
				13C096B729CB5CEF0077198D /* Release */,
			);
			defaultConfigurationIsVisible = 0;
			defaultConfigurationName = Release;
		};
/* End XCConfigurationList section */
	};
	rootObject = 13C0968329CB5CE80077198D /* Project object */;
}
